{
  "nodes": {
    "flake-utils": {
      "locked": {
        "lastModified": 1667395993,
        "narHash": "sha256-nuEHfE/LcWyuSWnS8t12N1wc105Qtau+/OdUAjtQ0rA=",
        "owner": "numtide",
        "repo": "flake-utils",
        "rev": "5aed5285a952e0b949eb3ba02c12fa4fcfef535f",
        "type": "github"
      },
      "original": {
        "owner": "numtide",
        "repo": "flake-utils",
        "type": "github"
      }
    },
    "flake-utils_2": {
      "locked": {
        "lastModified": 1642700792,
        "narHash": "sha256-XqHrk7hFb+zBvRg6Ghl+AZDq03ov6OshJLiSWOoX5es=",
        "owner": "numtide",
        "repo": "flake-utils",
        "rev": "846b2ae0fc4cc943637d3d1def4454213e203cba",
        "type": "github"
      },
      "original": {
        "owner": "numtide",
        "repo": "flake-utils",
        "type": "github"
      }
    },
    "mach-nix": {
      "inputs": {
        "flake-utils": "flake-utils_2",
        "nixpkgs": [
          "nixpkgs"
        ],
        "pypi-deps-db": [
          "pypi"
        ]
      },
      "locked": {
        "lastModified": 1654084003,
        "narHash": "sha256-j/XrVVistvM+Ua+0tNFvO5z83isL+LBgmBi9XppxuKA=",
        "owner": "DavHau",
        "repo": "mach-nix",
        "rev": "7e14360bde07dcae32e5e24f366c83272f52923f",
        "type": "github"
      },
      "original": {
        "id": "mach-nix",
        "ref": "3.5.0",
        "type": "indirect"
      }
    },
    "nixpkgs": {
      "locked": {
        "lastModified": 1668189330,
        "narHash": "sha256-1JrW+omJ+LguAu9TZgumJ39e28Ratpww8dpsnX3tGqs=",
        "owner": "NixOS",
        "repo": "nixpkgs",
        "rev": "cb8d3fe07d3592e5d846bce5f7cb5397efe6b206",
        "type": "github"
      },
      "original": {
        "owner": "NixOS",
        "ref": "nixos-22.05",
        "repo": "nixpkgs",
        "type": "github"
      }
    },
    "pypi": {
      "flake": false,
      "locked": {
        "lastModified": 1668327102,
        "narHash": "sha256-LNwIk1BgJVrwtQWRAoAx1IaFRVpuMfpTvGx0C83Zr7A=",
        "owner": "DavHau",
        "repo": "pypi-deps-db",
        "rev": "82718a1368ff4aa263b36d80a58fbc7085f367cc",
        "type": "github"
      },
      "original": {
        "owner": "DavHau",
        "repo": "pypi-deps-db",
        "type": "github"
      }
    },
    "root": {
      "inputs": {
        "flake-utils": "flake-utils",
        "mach-nix": "mach-nix",
        "nixpkgs": "nixpkgs",
        "pypi": "pypi"
      }
    }
  },
  "root": "root",
  "version": 7
}
