{
  "nodes": {
    "flake-utils": {
      "locked": {
        "lastModified": 1642700792,
        "narHash": "sha256-XqHrk7hFb+zBvRg6Ghl+AZDq03ov6OshJLiSWOoX5es=",
        "owner": "numtide",
        "repo": "flake-utils",
        "rev": "846b2ae0fc4cc943637d3d1def4454213e203cba",
        "type": "github"
      },
      "original": {
        "owner": "numtide",
        "repo": "flake-utils",
        "type": "github"
      }
    },
    "mach-nix": {
      "inputs": {
        "flake-utils": [
          "flake-utils"
        ],
        "nixpkgs": [
          "nixpkgs"
        ],
        "pypi-deps-db": "pypi-deps-db"
      },
      "locked": {
        "lastModified": 1643434273,
        "narHash": "sha256-FMDYaSTqk2YHBr8ipEzoVOIsParaDXXqagvkq1Z3Plk=",
        "owner": "DavHau",
        "repo": "mach-nix",
        "rev": "7f1372dae793f36718be6122b0a2e8d99c46c43f",
        "type": "github"
      },
      "original": {
        "owner": "DavHau",
        "repo": "mach-nix",
        "type": "github"
      }
    },
    "nixpkgs": {
      "locked": {
        "lastModified": 1643247693,
        "narHash": "sha256-rmShxIuNjYBz4l83J0J++sug+MURUY1koPCzX4F8hfo=",
        "owner": "NixOS",
        "repo": "nixpkgs",
        "rev": "6c4b9f1a2fd761e2d384ef86cff0d208ca27fdca",
        "type": "github"
      },
      "original": {
        "owner": "NixOS",
        "ref": "nixos-21.11",
        "repo": "nixpkgs",
        "type": "github"
      }
    },
    "pypi-deps-db": {
      "flake": false,
      "locked": {
        "lastModified": 1643616392,
        "narHash": "sha256-knfGO4MZLMHGzd6iAnrVhUYyx5Vtz5VlisXgDNXfocM=",
        "owner": "DavHau",
        "repo": "pypi-deps-db",
        "rev": "ff3ee671a4b51f789335c650200d126297bf6391",
        "type": "github"
      },
      "original": {
        "owner": "DavHau",
        "repo": "pypi-deps-db",
        "type": "github"
      }
    },
    "root": {
      "inputs": {
        "flake-utils": "flake-utils",
        "mach-nix": "mach-nix",
        "nixpkgs": "nixpkgs"
      }
    }
  },
  "root": "root",
  "version": 7
}
